
Microsoft Visual Studio Solution File, Format Version 12.00
# Visual Studio Version 17
VisualStudioVersion = 17.5.33530.505
MinimumVisualStudioVersion = 10.0.40219.1
Project("{9A19103F-16F7-4668-BE54-9A1E7A4F7556}") = "AssistantBot", "AssistantBot\AssistantBot.csproj", "{8FD7FB0C-04E3-4224-9B19-D7301C324F9F}"
EndProject
Project("{9A19103F-16F7-4668-BE54-9A1E7A4F7556}") = "AssistantBot.Tests", "AssistantBot.Tests\AssistantBot.Tests.csproj", "{593F8DEC-B19C-4029-9E46-5F28A8708D11}"
EndProject
Global
	GlobalSection(SolutionConfigurationPlatforms) = preSolution
		Debug|Any CPU = Debug|Any CPU
		Release|Any CPU = Release|Any CPU
	EndGlobalSection
	GlobalSection(ProjectConfigurationPlatforms) = postSolution
		{8FD7FB0C-04E3-4224-9B19-D7301C324F9F}.Debug|Any CPU.ActiveCfg = Debug|Any CPU
		{8FD7FB0C-04E3-4224-9B19-D7301C324F9F}.Debug|Any CPU.Build.0 = Debug|Any CPU
		{8FD7FB0C-04E3-4224-9B19-D7301C324F9F}.Release|Any CPU.ActiveCfg = Release|Any CPU
		{8FD7FB0C-04E3-4224-9B19-D7301C324F9F}.Release|Any CPU.Build.0 = Release|Any CPU
		{593F8DEC-B19C-4029-9E46-5F28A8708D11}.Debug|Any CPU.ActiveCfg = Debug|Any CPU
		{593F8DEC-B19C-4029-9E46-5F28A8708D11}.Debug|Any CPU.Build.0 = Debug|Any CPU
		{593F8DEC-B19C-4029-9E46-5F28A8708D11}.Release|Any CPU.ActiveCfg = Release|Any CPU
		{593F8DEC-B19C-4029-9E46-5F28A8708D11}.Release|Any CPU.Build.0 = Release|Any CPU
	EndGlobalSection
	GlobalSection(SolutionProperties) = preSolution
		HideSolutionNode = FALSE
	EndGlobalSection
	GlobalSection(ExtensibilityGlobals) = postSolution
		SolutionGuid = {7831DC53-C51F-438C-8D8C-0EB9CB25E4AD}
	EndGlobalSection
EndGlobal
